// !$*UTF8*$!
{
	archiveVersion = 1;
	classes = {
	};
	objectVersion = 56;
	objects = {

/* Begin PBXBuildFile section */
		5238744329A809EC004B7FA8 /* PostersViewController.swift in Sources */ = {isa = PBXBuildFile; fileRef = 5238744229A809EC004B7FA8 /* PostersViewController.swift */; };
		5257E723299C7EBA0069AE40 /* Nuke in Frameworks */ = {isa = PBXBuildFile; productRef = 5257E722299C7EBA0069AE40 /* Nuke */; };
		528E534B299C4A620046B41B /* AppDelegate.swift in Sources */ = {isa = PBXBuildFile; fileRef = 528E534A299C4A620046B41B /* AppDelegate.swift */; };
		528E534D299C4A620046B41B /* SceneDelegate.swift in Sources */ = {isa = PBXBuildFile; fileRef = 528E534C299C4A620046B41B /* SceneDelegate.swift */; };
		528E534F299C4A620046B41B /* ViewController.swift in Sources */ = {isa = PBXBuildFile; fileRef = 528E534E299C4A620046B41B /* ViewController.swift */; };
		528E5352299C4A620046B41B /* Main.storyboard in Resources */ = {isa = PBXBuildFile; fileRef = 528E5350299C4A620046B41B /* Main.storyboard */; };
		528E5354299C4A620046B41B /* Assets.xcassets in Resources */ = {isa = PBXBuildFile; fileRef = 528E5353299C4A620046B41B /* Assets.xcassets */; };
		528E5357299C4A620046B41B /* LaunchScreen.storyboard in Resources */ = {isa = PBXBuildFile; fileRef = 528E5355299C4A620046B41B /* LaunchScreen.storyboard */; };
		528E5361299C4C260046B41B /* Secrets.plist in Resources */ = {isa = PBXBuildFile; fileRef = 528E5360299C4C260046B41B /* Secrets.plist */; };
		528E5363299C51910046B41B /* KeyManager.swift in Sources */ = {isa = PBXBuildFile; fileRef = 528E5362299C51910046B41B /* KeyManager.swift */; };
		528E5365299C5AC20046B41B /* Movie.swift in Sources */ = {isa = PBXBuildFile; fileRef = 528E5364299C5AC20046B41B /* Movie.swift */; };
		52C3022D299C8FDD00BE0DC8 /* MovieDetailsVController.swift in Sources */ = {isa = PBXBuildFile; fileRef = 52C3022C299C8FDD00BE0DC8 /* MovieDetailsVController.swift */; };
		52C30231299DA5D000BE0DC8 /* ImagePipeline.swift in Sources */ = {isa = PBXBuildFile; fileRef = 52C30230299DA5D000BE0DC8 /* ImagePipeline.swift */; };
		52E5B441299C743100E2D48A /* MovieTVCell.swift in Sources */ = {isa = PBXBuildFile; fileRef = 52E5B440299C743100E2D48A /* MovieTVCell.swift */; };
/* End PBXBuildFile section */

/* Begin PBXFileReference section */
		5238744229A809EC004B7FA8 /* PostersViewController.swift */ = {isa = PBXFileReference; lastKnownFileType = sourcecode.swift; path = PostersViewController.swift; sourceTree = "<group>"; };
		528E534A299C4A620046B41B /* AppDelegate.swift */ = {isa = PBXFileReference; lastKnownFileType = sourcecode.swift; path = AppDelegate.swift; sourceTree = "<group>"; };
		528E534C299C4A620046B41B /* SceneDelegate.swift */ = {isa = PBXFileReference; lastKnownFileType = sourcecode.swift; path = SceneDelegate.swift; sourceTree = "<group>"; };
		528E534E299C4A620046B41B /* ViewController.swift */ = {isa = PBXFileReference; lastKnownFileType = sourcecode.swift; path = ViewController.swift; sourceTree = "<group>"; };
		528E5351299C4A620046B41B /* Base */ = {isa = PBXFileReference; lastKnownFileType = file.storyboard; name = Base; path = Base.lproj/Main.storyboard; sourceTree = "<group>"; };
		528E5353299C4A620046B41B /* Assets.xcassets */ = {isa = PBXFileReference; lastKnownFileType = folder.assetcatalog; path = Assets.xcassets; sourceTree = "<group>"; };
		528E5356299C4A620046B41B /* Base */ = {isa = PBXFileReference; lastKnownFileType = file.storyboard; name = Base; path = Base.lproj/LaunchScreen.storyboard; sourceTree = "<group>"; };
		528E5358299C4A620046B41B /* Info.plist */ = {isa = PBXFileReference; lastKnownFileType = text.plist.xml; path = Info.plist; sourceTree = "<group>"; };
		528E5360299C4C260046B41B /* Secrets.plist */ = {isa = PBXFileReference; lastKnownFileType = text.plist.xml; path = Secrets.plist; sourceTree = "<group>"; };
		528E5362299C51910046B41B /* KeyManager.swift */ = {isa = PBXFileReference; lastKnownFileType = sourcecode.swift; path = KeyManager.swift; sourceTree = "<group>"; };
		528E5364299C5AC20046B41B /* Movie.swift */ = {isa = PBXFileReference; lastKnownFileType = sourcecode.swift; path = Movie.swift; sourceTree = "<group>"; };
		52C3022B299C7F1700BE0DC8 /* Flixster.app */ = {isa = PBXFileReference; explicitFileType = wrapper.application; includeInIndex = 0; path = Flixster.app; sourceTree = BUILT_PRODUCTS_DIR; };
		52C3022C299C8FDD00BE0DC8 /* MovieDetailsVController.swift */ = {isa = PBXFileReference; lastKnownFileType = sourcecode.swift; path = MovieDetailsVController.swift; sourceTree = "<group>"; };
		52C30230299DA5D000BE0DC8 /* ImagePipeline.swift */ = {isa = PBXFileReference; lastKnownFileType = sourcecode.swift; path = ImagePipeline.swift; sourceTree = "<group>"; };
		52E5B440299C743100E2D48A /* MovieTVCell.swift */ = {isa = PBXFileReference; lastKnownFileType = sourcecode.swift; path = MovieTVCell.swift; sourceTree = "<group>"; };
/* End PBXFileReference section */

/* Begin PBXFrameworksBuildPhase section */
		528E5344299C4A620046B41B /* Frameworks */ = {
			isa = PBXFrameworksBuildPhase;
			buildActionMask = 2147483647;
			files = (
				5257E723299C7EBA0069AE40 /* Nuke in Frameworks */,
			);
			runOnlyForDeploymentPostprocessing = 0;
		};
/* End PBXFrameworksBuildPhase section */

/* Begin PBXGroup section */
		5257E721299C7EBA0069AE40 /* Frameworks */ = {
			isa = PBXGroup;
			children = (
			);
			name = Frameworks;
			sourceTree = "<group>";
		};
		528E533E299C4A620046B41B = {
			isa = PBXGroup;
			children = (
				528E5349299C4A620046B41B /* Flixster */,
				5257E721299C7EBA0069AE40 /* Frameworks */,
				52C3022B299C7F1700BE0DC8 /* Flixster.app */,
			);
			sourceTree = "<group>";
		};
		528E5349299C4A620046B41B /* Flixster */ = {
			isa = PBXGroup;
			children = (
				528E534A299C4A620046B41B /* AppDelegate.swift */,
				528E534C299C4A620046B41B /* SceneDelegate.swift */,
				528E534E299C4A620046B41B /* ViewController.swift */,
				52C30230299DA5D000BE0DC8 /* ImagePipeline.swift */,
				52E5B440299C743100E2D48A /* MovieTVCell.swift */,
				528E5364299C5AC20046B41B /* Movie.swift */,
				528E5362299C51910046B41B /* KeyManager.swift */,
				528E5350299C4A620046B41B /* Main.storyboard */,
				5238744229A809EC004B7FA8 /* PostersViewController.swift */,
				52C3022C299C8FDD00BE0DC8 /* MovieDetailsVController.swift */,
				528E5353299C4A620046B41B /* Assets.xcassets */,
				528E5355299C4A620046B41B /* LaunchScreen.storyboard */,
				528E5358299C4A620046B41B /* Info.plist */,
				528E5360299C4C260046B41B /* Secrets.plist */,
			);
			path = Flixster;
			sourceTree = "<group>";
		};
/* End PBXGroup section */

/* Begin PBXNativeTarget section */
		528E5346299C4A620046B41B /* Flixster */ = {
			isa = PBXNativeTarget;
			buildConfigurationList = 528E535B299C4A620046B41B /* Build configuration list for PBXNativeTarget "Flixster" */;
			buildPhases = (
				528E5343299C4A620046B41B /* Sources */,
				528E5344299C4A620046B41B /* Frameworks */,
				528E5345299C4A620046B41B /* Resources */,
			);
			buildRules = (
			);
			dependencies = (
			);
			name = Flixster;
			packageProductDependencies = (
				5257E722299C7EBA0069AE40 /* Nuke */,
			);
			productName = Flixster;
			productReference = 52C3022B299C7F1700BE0DC8 /* Flixster.app */;
			productType = "com.apple.product-type.application";
		};
/* End PBXNativeTarget section */

/* Begin PBXProject section */
		528E533F299C4A620046B41B /* Project object */ = {
			isa = PBXProject;
			attributes = {
				BuildIndependentTargetsInParallel = 1;
				LastSwiftUpdateCheck = 1420;
				LastUpgradeCheck = 1420;
				TargetAttributes = {
					528E5346299C4A620046B41B = {
						CreatedOnToolsVersion = 14.2;
					};
				};
			};
			buildConfigurationList = 528E5342299C4A620046B41B /* Build configuration list for PBXProject "Flixster" */;
			compatibilityVersion = "Xcode 14.0";
			developmentRegion = en;
			hasScannedForEncodings = 0;
			knownRegions = (
				en,
				Base,
			);
			mainGroup = 528E533E299C4A620046B41B;
			packageReferences = (
				528E5366299C62FD0046B41B /* XCRemoteSwiftPackageReference "Nuke" */,
			);
			productRefGroup = 528E533E299C4A620046B41B;
			projectDirPath = "";
			projectRoot = "";
			targets = (
				528E5346299C4A620046B41B /* Flixster */,
			);
		};
/* End PBXProject section */

/* Begin PBXResourcesBuildPhase section */
		528E5345299C4A620046B41B /* Resources */ = {
			isa = PBXResourcesBuildPhase;
			buildActionMask = 2147483647;
			files = (
				528E5361299C4C260046B41B /* Secrets.plist in Resources */,
				528E5357299C4A620046B41B /* LaunchScreen.storyboard in Resources */,
				528E5354299C4A620046B41B /* Assets.xcassets in Resources */,
				528E5352299C4A620046B41B /* Main.storyboard in Resources */,
			);
			runOnlyForDeploymentPostprocessing = 0;
		};
/* End PBXResourcesBuildPhase section */

/* Begin PBXSourcesBuildPhase section */
		528E5343299C4A620046B41B /* Sources */ = {
			isa = PBXSourcesBuildPhase;
			buildActionMask = 2147483647;
			files = (
				528E534F299C4A620046B41B /* ViewController.swift in Sources */,
				528E534B299C4A620046B41B /* AppDelegate.swift in Sources */,
				52E5B441299C743100E2D48A /* MovieTVCell.swift in Sources */,
				528E534D299C4A620046B41B /* SceneDelegate.swift in Sources */,
				528E5363299C51910046B41B /* KeyManager.swift in Sources */,
				528E5365299C5AC20046B41B /* Movie.swift in Sources */,
				52C3022D299C8FDD00BE0DC8 /* MovieDetailsVController.swift in Sources */,
				52C30231299DA5D000BE0DC8 /* ImagePipeline.swift in Sources */,
				5238744329A809EC004B7FA8 /* PostersViewController.swift in Sources */,
			);
			runOnlyForDeploymentPostprocessing = 0;
		};
/* End PBXSourcesBuildPhase section */

/* Begin PBXVariantGroup section */
		528E5350299C4A620046B41B /* Main.storyboard */ = {
			isa = PBXVariantGroup;
			children = (
				528E5351299C4A620046B41B /* Base */,
			);
			name = Main.storyboard;
			sourceTree = "<group>";
		};
		528E5355299C4A620046B41B /* LaunchScreen.storyboard */ = {
			isa = PBXVariantGroup;
			children = (
				528E5356299C4A620046B41B /* Base */,
			);
			name = LaunchScreen.storyboard;
			sourceTree = "<group>";
		};
/* End PBXVariantGroup section */

/* Begin XCBuildConfiguration section */
		528E5359299C4A620046B41B /* Debug */ = {
			isa = XCBuildConfiguration;
			buildSettings = {
				ALWAYS_SEARCH_USER_PATHS = NO;
				CLANG_ANALYZER_NONNULL = YES;
				CLANG_ANALYZER_NUMBER_OBJECT_CONVERSION = YES_AGGRESSIVE;
				CLANG_CXX_LANGUAGE_STANDARD = "gnu++20";
				CLANG_ENABLE_MODULES = YES;
				CLANG_ENABLE_OBJC_ARC = YES;
				CLANG_ENABLE_OBJC_WEAK = YES;
				CLANG_WARN_BLOCK_CAPTURE_AUTORELEASING = YES;
				CLANG_WARN_BOOL_CONVERSION = YES;
				CLANG_WARN_COMMA = YES;
				CLANG_WARN_CONSTANT_CONVERSION = YES;
				CLANG_WARN_DEPRECATED_OBJC_IMPLEMENTATIONS = YES;
				CLANG_WARN_DIRECT_OBJC_ISA_USAGE = YES_ERROR;
				CLANG_WARN_DOCUMENTATION_COMMENTS = YES;
				CLANG_WARN_EMPTY_BODY = YES;
				CLANG_WARN_ENUM_CONVERSION = YES;
				CLANG_WARN_INFINITE_RECURSION = YES;
				CLANG_WARN_INT_CONVERSION = YES;
				CLANG_WARN_NON_LITERAL_NULL_CONVERSION = YES;
				CLANG_WARN_OBJC_IMPLICIT_RETAIN_SELF = YES;
				CLANG_WARN_OBJC_LITERAL_CONVERSION = YES;
				CLANG_WARN_OBJC_ROOT_CLASS = YES_ERROR;
				CLANG_WARN_QUOTED_INCLUDE_IN_FRAMEWORK_HEADER = YES;
				CLANG_WARN_RANGE_LOOP_ANALYSIS = YES;
				CLANG_WARN_STRICT_PROTOTYPES = YES;
				CLANG_WARN_SUSPICIOUS_MOVE = YES;
				CLANG_WARN_UNGUARDED_AVAILABILITY = YES_AGGRESSIVE;
				CLANG_WARN_UNREACHABLE_CODE = YES;
				CLANG_WARN__DUPLICATE_METHOD_MATCH = YES;
				COPY_PHASE_STRIP = NO;
				DEBUG_INFORMATION_FORMAT = dwarf;
				ENABLE_STRICT_OBJC_MSGSEND = YES;
				ENABLE_TESTABILITY = YES;
				GCC_C_LANGUAGE_STANDARD = gnu11;
				GCC_DYNAMIC_NO_PIC = NO;
				GCC_NO_COMMON_BLOCKS = YES;
				GCC_OPTIMIZATION_LEVEL = 0;
				GCC_PREPROCESSOR_DEFINITIONS = (
					"DEBUG=1",
					"$(inherited)",
				);
				GCC_WARN_64_TO_32_BIT_CONVERSION = YES;
				GCC_WARN_ABOUT_RETURN_TYPE = YES_ERROR;
				GCC_WARN_UNDECLARED_SELECTOR = YES;
				GCC_WARN_UNINITIALIZED_AUTOS = YES_AGGRESSIVE;
				GCC_WARN_UNUSED_FUNCTION = YES;
				GCC_WARN_UNUSED_VARIABLE = YES;
				IPHONEOS_DEPLOYMENT_TARGET = 16.2;
				MTL_ENABLE_DEBUG_INFO = INCLUDE_SOURCE;
				MTL_FAST_MATH = YES;
				ONLY_ACTIVE_ARCH = YES;
				SDKROOT = iphoneos;
				SWIFT_ACTIVE_COMPILATION_CONDITIONS = DEBUG;
				SWIFT_OPTIMIZATION_LEVEL = "-Onone";
			};
			name = Debug;
		};
		528E535A299C4A620046B41B /* Release */ = {
			isa = XCBuildConfiguration;
			buildSettings = {
				ALWAYS_SEARCH_USER_PATHS = NO;
				CLANG_ANALYZER_NONNULL = YES;
				CLANG_ANALYZER_NUMBER_OBJECT_CONVERSION = YES_AGGRESSIVE;
				CLANG_CXX_LANGUAGE_STANDARD = "gnu++20";
				CLANG_ENABLE_MODULES = YES;
				CLANG_ENABLE_OBJC_ARC = YES;
				CLANG_ENABLE_OBJC_WEAK = YES;
				CLANG_WARN_BLOCK_CAPTURE_AUTORELEASING = YES;
				CLANG_WARN_BOOL_CONVERSION = YES;
				CLANG_WARN_COMMA = YES;
				CLANG_WARN_CONSTANT_CONVERSION = YES;
				CLANG_WARN_DEPRECATED_OBJC_IMPLEMENTATIONS = YES;
				CLANG_WARN_DIRECT_OBJC_ISA_USAGE = YES_ERROR;
				CLANG_WARN_DOCUMENTATION_COMMENTS = YES;
				CLANG_WARN_EMPTY_BODY = YES;
				CLANG_WARN_ENUM_CONVERSION = YES;
				CLANG_WARN_INFINITE_RECURSION = YES;
				CLANG_WARN_INT_CONVERSION = YES;
				CLANG_WARN_NON_LITERAL_NULL_CONVERSION = YES;
				CLANG_WARN_OBJC_IMPLICIT_RETAIN_SELF = YES;
				CLANG_WARN_OBJC_LITERAL_CONVERSION = YES;
				CLANG_WARN_OBJC_ROOT_CLASS = YES_ERROR;
				CLANG_WARN_QUOTED_INCLUDE_IN_FRAMEWORK_HEADER = YES;
				CLANG_WARN_RANGE_LOOP_ANALYSIS = YES;
				CLANG_WARN_STRICT_PROTOTYPES = YES;
				CLANG_WARN_SUSPICIOUS_MOVE = YES;
				CLANG_WARN_UNGUARDED_AVAILABILITY = YES_AGGRESSIVE;
				CLANG_WARN_UNREACHABLE_CODE = YES;
				CLANG_WARN__DUPLICATE_METHOD_MATCH = YES;
				COPY_PHASE_STRIP = NO;
				DEBUG_INFORMATION_FORMAT = "dwarf-with-dsym";
				ENABLE_NS_ASSERTIONS = NO;
				ENABLE_STRICT_OBJC_MSGSEND = YES;
				GCC_C_LANGUAGE_STANDARD = gnu11;
				GCC_NO_COMMON_BLOCKS = YES;
				GCC_WARN_64_TO_32_BIT_CONVERSION = YES;
				GCC_WARN_ABOUT_RETURN_TYPE = YES_ERROR;
				GCC_WARN_UNDECLARED_SELECTOR = YES;
				GCC_WARN_UNINITIALIZED_AUTOS = YES_AGGRESSIVE;
				GCC_WARN_UNUSED_FUNCTION = YES;
				GCC_WARN_UNUSED_VARIABLE = YES;
				IPHONEOS_DEPLOYMENT_TARGET = 16.2;
				MTL_ENABLE_DEBUG_INFO = NO;
				MTL_FAST_MATH = YES;
				SDKROOT = iphoneos;
				SWIFT_COMPILATION_MODE = wholemodule;
				SWIFT_OPTIMIZATION_LEVEL = "-O";
				VALIDATE_PRODUCT = YES;
			};
			name = Release;
		};
		528E535C299C4A620046B41B /* Debug */ = {
			isa = XCBuildConfiguration;
			buildSettings = {
				ASSETCATALOG_COMPILER_APPICON_NAME = AppIcon;
				ASSETCATALOG_COMPILER_GLOBAL_ACCENT_COLOR_NAME = AccentColor;
				CODE_SIGN_STYLE = Automatic;
				CURRENT_PROJECT_VERSION = 1;
				DEVELOPMENT_TEAM = NNZPLDC3Z6;
				GENERATE_INFOPLIST_FILE = YES;
				INFOPLIST_FILE = Flixster/Info.plist;
				INFOPLIST_KEY_CFBundleDisplayName = Flixster;
				INFOPLIST_KEY_UIApplicationSupportsIndirectInputEvents = YES;
				INFOPLIST_KEY_UILaunchStoryboardName = LaunchScreen;
				INFOPLIST_KEY_UIMainStoryboardFile = Main;
				INFOPLIST_KEY_UIStatusBarStyle = "";
				INFOPLIST_KEY_UISupportedInterfaceOrientations = UIInterfaceOrientationPortrait;
				LD_RUNPATH_SEARCH_PATHS = (
					"$(inherited)",
					"@executable_path/Frameworks",
				);
				MARKETING_VERSION = 1.0;
				PRODUCT_BUNDLE_IDENTIFIER = edu.csumb.levillalobos.Flixster;
				PRODUCT_NAME = "$(TARGET_NAME)";
				SWIFT_EMIT_LOC_STRINGS = YES;
				SWIFT_VERSION = 5.0;
				TARGETED_DEVICE_FAMILY = "1,2";
			};
			name = Debug;
		};
		528E535D299C4A620046B41B /* Release */ = {
			isa = XCBuildConfiguration;
			buildSettings = {
				ASSETCATALOG_COMPILER_APPICON_NAME = AppIcon;
				ASSETCATALOG_COMPILER_GLOBAL_ACCENT_COLOR_NAME = AccentColor;
				CODE_SIGN_STYLE = Automatic;
				CURRENT_PROJECT_VERSION = 1;
				DEVELOPMENT_TEAM = NNZPLDC3Z6;
				GENERATE_INFOPLIST_FILE = YES;
				INFOPLIST_FILE = Flixster/Info.plist;
				INFOPLIST_KEY_CFBundleDisplayName = Flixster;
				INFOPLIST_KEY_UIApplicationSupportsIndirectInputEvents = YES;
				INFOPLIST_KEY_UILaunchStoryboardName = LaunchScreen;
				INFOPLIST_KEY_UIMainStoryboardFile = Main;
				INFOPLIST_KEY_UIStatusBarStyle = "";
				INFOPLIST_KEY_UISupportedInterfaceOrientations = UIInterfaceOrientationPortrait;
				LD_RUNPATH_SEARCH_PATHS = (
					"$(inherited)",
					"@executable_path/Frameworks",
				);
				MARKETING_VERSION = 1.0;
				PRODUCT_BUNDLE_IDENTIFIER = edu.csumb.levillalobos.Flixster;
				PRODUCT_NAME = "$(TARGET_NAME)";
				SWIFT_EMIT_LOC_STRINGS = YES;
				SWIFT_VERSION = 5.0;
				TARGETED_DEVICE_FAMILY = "1,2";
			};
			name = Release;
		};
/* End XCBuildConfiguration section */

/* Begin XCConfigurationList section */
		528E5342299C4A620046B41B /* Build configuration list for PBXProject "Flixster" */ = {
			isa = XCConfigurationList;
			buildConfigurations = (
				528E5359299C4A620046B41B /* Debug */,
				528E535A299C4A620046B41B /* Release */,
			);
			defaultConfigurationIsVisible = 0;
			defaultConfigurationName = Release;
		};
		528E535B299C4A620046B41B /* Build configuration list for PBXNativeTarget "Flixster" */ = {
			isa = XCConfigurationList;
			buildConfigurations = (
				528E535C299C4A620046B41B /* Debug */,
				528E535D299C4A620046B41B /* Release */,
			);
			defaultConfigurationIsVisible = 0;
			defaultConfigurationName = Release;
		};
/* End XCConfigurationList section */

/* Begin XCRemoteSwiftPackageReference section */
		528E5366299C62FD0046B41B /* XCRemoteSwiftPackageReference "Nuke" */ = {
			isa = XCRemoteSwiftPackageReference;
			repositoryURL = "https://github.com/kean/Nuke";
			requirement = {
				branch = main;
				kind = branch;
			};
		};
/* End XCRemoteSwiftPackageReference section */

/* Begin XCSwiftPackageProductDependency section */
		5257E722299C7EBA0069AE40 /* Nuke */ = {
			isa = XCSwiftPackageProductDependency;
			package = 528E5366299C62FD0046B41B /* XCRemoteSwiftPackageReference "Nuke" */;
			productName = Nuke;
		};
/* End XCSwiftPackageProductDependency section */
	};
	rootObject = 528E533F299C4A620046B41B /* Project object */;
}
